{
  "name": "personal-app",
  "lockfileVersion": 3,
  "requires": true,
  "packages": {
    "": {
      "dependencies": {
        "markdown2": "^0.0.1"
      }
    },
    "node_modules/markdown2": {
      "version": "0.0.1",
      "resolved": "https://registry.npmjs.org/markdown2/-/markdown2-0.0.1.tgz",
      "integrity": "sha512-zERlTfQ27mHICs9Zb9+n21VXtXggQVVfnB0Am8GcxH2y0kPozHtZ6mHagxRQyCnojDFnGN72qe6uIKm4OzXGag==",
      "license": "MIT"
    }
  }
}
